
Microsoft Visual Studio Solution File, Format Version 12.00
# Visual Studio 2012
Project("{8BC9CEB8-8B4A-11D0-8D11-00A0C91BC942}") = "MiniCraft", "MiniCraft.vcxproj", "{9F7D6D30-DFA3-4171-8931-659FA68D7804}"
EndProject
Project("{8BC9CEB8-8B4A-11D0-8D11-00A0C91BC942}") = "Server", "Server\Server.vcxproj", "{A730A95D-9140-46F4-BB0B-A957FF8A92CB}"
EndProject
Global
	GlobalSection(SolutionConfigurationPlatforms) = preSolution
		Debug|Win32 = Debug|Win32
		Release|Win32 = Release|Win32
	EndGlobalSection
	GlobalSection(ProjectConfigurationPlatforms) = postSolution
		{9F7D6D30-DFA3-4171-8931-659FA68D7804}.Debug|Win32.ActiveCfg = Debug|Win32
		{9F7D6D30-DFA3-4171-8931-659FA68D7804}.Debug|Win32.Build.0 = Debug|Win32
		{9F7D6D30-DFA3-4171-8931-659FA68D7804}.Release|Win32.ActiveCfg = Release|Win32
		{9F7D6D30-DFA3-4171-8931-659FA68D7804}.Release|Win32.Build.0 = Release|Win32
		{A730A95D-9140-46F4-BB0B-A957FF8A92CB}.Debug|Win32.ActiveCfg = Debug|Win32
		{A730A95D-9140-46F4-BB0B-A957FF8A92CB}.Debug|Win32.Build.0 = Debug|Win32
		{A730A95D-9140-46F4-BB0B-A957FF8A92CB}.Release|Win32.ActiveCfg = Release|Win32
		{A730A95D-9140-46F4-BB0B-A957FF8A92CB}.Release|Win32.Build.0 = Release|Win32
	EndGlobalSection
	GlobalSection(SolutionProperties) = preSolution
		HideSolutionNode = FALSE
	EndGlobalSection
EndGlobal
